
Microsoft Visual Studio Solution File, Format Version 12.00
# Visual Studio Version 16
VisualStudioVersion = 16.0.32901.82
MinimumVisualStudioVersion = 10.0.40219.1
Project("{FAE04EC0-301F-11D3-BF4B-00C04F79EFBC}") = "StudentManagerDemo", "StudentManagerDemo\StudentManagerDemo.csproj", "{6DC1B463-1BA9-4F57-B363-46D1FE35C7D3}"
EndProject
Project("{FAE04EC0-301F-11D3-BF4B-00C04F79EFBC}") = "DAL", "DAL\DAL.csproj", "{8E0AB6AE-644C-4E8F-898F-AEA64160D22D}"
EndProject
Project("{FAE04EC0-301F-11D3-BF4B-00C04F79EFBC}") = "Models", "Models\Models.csproj", "{0337E79B-03B5-4703-9204-F98991C9F3A8}"
EndProject
Global
	GlobalSection(SolutionConfigurationPlatforms) = preSolution
		Debug|Any CPU = Debug|Any CPU
		Release|Any CPU = Release|Any CPU
	EndGlobalSection
	GlobalSection(ProjectConfigurationPlatforms) = postSolution
		{6DC1B463-1BA9-4F57-B363-46D1FE35C7D3}.Debug|Any CPU.ActiveCfg = Debug|Any CPU
		{6DC1B463-1BA9-4F57-B363-46D1FE35C7D3}.Debug|Any CPU.Build.0 = Debug|Any CPU
		{6DC1B463-1BA9-4F57-B363-46D1FE35C7D3}.Release|Any CPU.ActiveCfg = Release|Any CPU
		{6DC1B463-1BA9-4F57-B363-46D1FE35C7D3}.Release|Any CPU.Build.0 = Release|Any CPU
		{8E0AB6AE-644C-4E8F-898F-AEA64160D22D}.Debug|Any CPU.ActiveCfg = Debug|Any CPU
		{8E0AB6AE-644C-4E8F-898F-AEA64160D22D}.Debug|Any CPU.Build.0 = Debug|Any CPU
		{8E0AB6AE-644C-4E8F-898F-AEA64160D22D}.Release|Any CPU.ActiveCfg = Release|Any CPU
		{8E0AB6AE-644C-4E8F-898F-AEA64160D22D}.Release|Any CPU.Build.0 = Release|Any CPU
		{0337E79B-03B5-4703-9204-F98991C9F3A8}.Debug|Any CPU.ActiveCfg = Debug|Any CPU
		{0337E79B-03B5-4703-9204-F98991C9F3A8}.Debug|Any CPU.Build.0 = Debug|Any CPU
		{0337E79B-03B5-4703-9204-F98991C9F3A8}.Release|Any CPU.ActiveCfg = Release|Any CPU
		{0337E79B-03B5-4703-9204-F98991C9F3A8}.Release|Any CPU.Build.0 = Release|Any CPU
	EndGlobalSection
	GlobalSection(SolutionProperties) = preSolution
		HideSolutionNode = FALSE
	EndGlobalSection
	GlobalSection(ExtensibilityGlobals) = postSolution
		SolutionGuid = {36C56608-DACE-4459-9DFC-3CD956B686D9}
	EndGlobalSection
EndGlobal
